// !$*UTF8*$!
{
	archiveVersion = 1;
	classes = {
	};
	objectVersion = 52;
	objects = {

/* Begin PBXBuildFile section */
		674B2BF726B55616001979EB /* AppDelegate.swift in Sources */ = {isa = PBXBuildFile; fileRef = 674B2BF626B55616001979EB /* AppDelegate.swift */; };
		674B2BF926B55616001979EB /* ContentView.swift in Sources */ = {isa = PBXBuildFile; fileRef = 674B2BF826B55616001979EB /* ContentView.swift */; };
		674B2BFB26B55616001979EB /* Assets.xcassets in Resources */ = {isa = PBXBuildFile; fileRef = 674B2BFA26B55616001979EB /* Assets.xcassets */; };
		674B2BFE26B55616001979EB /* Preview Assets.xcassets in Resources */ = {isa = PBXBuildFile; fileRef = 674B2BFD26B55616001979EB /* Preview Assets.xcassets */; };
		674B2C0126B55617001979EB /* Main.storyboard in Resources */ = {isa = PBXBuildFile; fileRef = 674B2BFF26B55617001979EB /* Main.storyboard */; };
		67BBAC9A26B6E8EC002CA16D /* SwiftSoup in Frameworks */ = {isa = PBXBuildFile; productRef = 67BBAC9926B6E8EC002CA16D /* SwiftSoup */; };
		67BBAC9C26B6F054002CA16D /* example_tripinfo.json in Resources */ = {isa = PBXBuildFile; fileRef = 67BBAC9B26B6F054002CA16D /* example_tripinfo.json */; };
/* End PBXBuildFile section */

/* Begin PBXFileReference section */
		674B2BF326B55616001979EB /* OebbTripInfo.app */ = {isa = PBXFileReference; explicitFileType = wrapper.application; includeInIndex = 0; path = OebbTripInfo.app; sourceTree = BUILT_PRODUCTS_DIR; };
		674B2BF626B55616001979EB /* AppDelegate.swift */ = {isa = PBXFileReference; lastKnownFileType = sourcecode.swift; path = AppDelegate.swift; sourceTree = "<group>"; };
		674B2BF826B55616001979EB /* ContentView.swift */ = {isa = PBXFileReference; lastKnownFileType = sourcecode.swift; path = ContentView.swift; sourceTree = "<group>"; };
		674B2BFA26B55616001979EB /* Assets.xcassets */ = {isa = PBXFileReference; lastKnownFileType = folder.assetcatalog; path = Assets.xcassets; sourceTree = "<group>"; };
		674B2BFD26B55616001979EB /* Preview Assets.xcassets */ = {isa = PBXFileReference; lastKnownFileType = folder.assetcatalog; path = "Preview Assets.xcassets"; sourceTree = "<group>"; };
		674B2C0026B55617001979EB /* Base */ = {isa = PBXFileReference; lastKnownFileType = file.storyboard; name = Base; path = Base.lproj/Main.storyboard; sourceTree = "<group>"; };
		674B2C0226B55617001979EB /* Info.plist */ = {isa = PBXFileReference; lastKnownFileType = text.plist.xml; path = Info.plist; sourceTree = "<group>"; };
		674B2C0326B55617001979EB /* OebbTripInfo.entitlements */ = {isa = PBXFileReference; lastKnownFileType = text.plist.entitlements; path = OebbTripInfo.entitlements; sourceTree = "<group>"; };
		67BBAC9B26B6F054002CA16D /* example_tripinfo.json */ = {isa = PBXFileReference; lastKnownFileType = text.json; path = example_tripinfo.json; sourceTree = "<group>"; };
/* End PBXFileReference section */

/* Begin PBXFrameworksBuildPhase section */
		674B2BF026B55616001979EB /* Frameworks */ = {
			isa = PBXFrameworksBuildPhase;
			buildActionMask = 2147483647;
			files = (
				67BBAC9A26B6E8EC002CA16D /* SwiftSoup in Frameworks */,
			);
			runOnlyForDeploymentPostprocessing = 0;
		};
/* End PBXFrameworksBuildPhase section */

/* Begin PBXGroup section */
		674B2BEA26B55615001979EB = {
			isa = PBXGroup;
			children = (
				674B2BF526B55616001979EB /* OebbTripInfo */,
				674B2BF426B55616001979EB /* Products */,
			);
			sourceTree = "<group>";
		};
		674B2BF426B55616001979EB /* Products */ = {
			isa = PBXGroup;
			children = (
				674B2BF326B55616001979EB /* OebbTripInfo.app */,
			);
			name = Products;
			sourceTree = "<group>";
		};
		674B2BF526B55616001979EB /* OebbTripInfo */ = {
			isa = PBXGroup;
			children = (
				674B2BF626B55616001979EB /* AppDelegate.swift */,
				674B2BF826B55616001979EB /* ContentView.swift */,
				674B2BFA26B55616001979EB /* Assets.xcassets */,
				674B2BFF26B55617001979EB /* Main.storyboard */,
				674B2C0226B55617001979EB /* Info.plist */,
				674B2C0326B55617001979EB /* OebbTripInfo.entitlements */,
				674B2BFC26B55616001979EB /* Preview Content */,
				67BBAC9B26B6F054002CA16D /* example_tripinfo.json */,
			);
			path = OebbTripInfo;
			sourceTree = "<group>";
		};
		674B2BFC26B55616001979EB /* Preview Content */ = {
			isa = PBXGroup;
			children = (
				674B2BFD26B55616001979EB /* Preview Assets.xcassets */,
			);
			path = "Preview Content";
			sourceTree = "<group>";
		};
/* End PBXGroup section */

/* Begin PBXNativeTarget section */
		674B2BF226B55616001979EB /* OebbTripInfo */ = {
			isa = PBXNativeTarget;
			buildConfigurationList = 674B2C0626B55617001979EB /* Build configuration list for PBXNativeTarget "OebbTripInfo" */;
			buildPhases = (
				674B2BEF26B55616001979EB /* Sources */,
				674B2BF026B55616001979EB /* Frameworks */,
				674B2BF126B55616001979EB /* Resources */,
			);
			buildRules = (
			);
			dependencies = (
			);
			name = OebbTripInfo;
			packageProductDependencies = (
				67BBAC9926B6E8EC002CA16D /* SwiftSoup */,
			);
			productName = OebbTripInfo;
			productReference = 674B2BF326B55616001979EB /* OebbTripInfo.app */;
			productType = "com.apple.product-type.application";
		};
/* End PBXNativeTarget section */

/* Begin PBXProject section */
		674B2BEB26B55615001979EB /* Project object */ = {
			isa = PBXProject;
			attributes = {
				LastSwiftUpdateCheck = 1250;
				LastUpgradeCheck = 1250;
				TargetAttributes = {
					674B2BF226B55616001979EB = {
						CreatedOnToolsVersion = 12.5.1;
					};
				};
			};
			buildConfigurationList = 674B2BEE26B55615001979EB /* Build configuration list for PBXProject "OebbTripInfo" */;
			compatibilityVersion = "Xcode 9.3";
			developmentRegion = en;
			hasScannedForEncodings = 0;
			knownRegions = (
				en,
				Base,
			);
			mainGroup = 674B2BEA26B55615001979EB;
			packageReferences = (
				67BBAC9826B6E8EC002CA16D /* XCRemoteSwiftPackageReference "SwiftSoup" */,
			);
			productRefGroup = 674B2BF426B55616001979EB /* Products */;
			projectDirPath = "";
			projectRoot = "";
			targets = (
				674B2BF226B55616001979EB /* OebbTripInfo */,
			);
		};
/* End PBXProject section */

/* Begin PBXResourcesBuildPhase section */
		674B2BF126B55616001979EB /* Resources */ = {
			isa = PBXResourcesBuildPhase;
			buildActionMask = 2147483647;
			files = (
				674B2C0126B55617001979EB /* Main.storyboard in Resources */,
				674B2BFE26B55616001979EB /* Preview Assets.xcassets in Resources */,
				674B2BFB26B55616001979EB /* Assets.xcassets in Resources */,
				67BBAC9C26B6F054002CA16D /* example_tripinfo.json in Resources */,
			);
			runOnlyForDeploymentPostprocessing = 0;
		};
/* End PBXResourcesBuildPhase section */

/* Begin PBXSourcesBuildPhase section */
		674B2BEF26B55616001979EB /* Sources */ = {
			isa = PBXSourcesBuildPhase;
			buildActionMask = 2147483647;
			files = (
				674B2BF926B55616001979EB /* ContentView.swift in Sources */,
				674B2BF726B55616001979EB /* AppDelegate.swift in Sources */,
			);
			runOnlyForDeploymentPostprocessing = 0;
		};
/* End PBXSourcesBuildPhase section */

/* Begin PBXVariantGroup section */
		674B2BFF26B55617001979EB /* Main.storyboard */ = {
			isa = PBXVariantGroup;
			children = (
				674B2C0026B55617001979EB /* Base */,
			);
			name = Main.storyboard;
			sourceTree = "<group>";
		};
/* End PBXVariantGroup section */

/* Begin XCBuildConfiguration section */
		674B2C0426B55617001979EB /* Debug */ = {
			isa = XCBuildConfiguration;
			buildSettings = {
				ALWAYS_SEARCH_USER_PATHS = NO;
				CLANG_ANALYZER_NONNULL = YES;
				CLANG_ANALYZER_NUMBER_OBJECT_CONVERSION = YES_AGGRESSIVE;
				CLANG_CXX_LANGUAGE_STANDARD = "gnu++14";
				CLANG_CXX_LIBRARY = "libc++";
				CLANG_ENABLE_MODULES = YES;
				CLANG_ENABLE_OBJC_ARC = YES;
				CLANG_ENABLE_OBJC_WEAK = YES;
				CLANG_WARN_BLOCK_CAPTURE_AUTORELEASING = YES;
				CLANG_WARN_BOOL_CONVERSION = YES;
				CLANG_WARN_COMMA = YES;
				CLANG_WARN_CONSTANT_CONVERSION = YES;
				CLANG_WARN_DEPRECATED_OBJC_IMPLEMENTATIONS = YES;
				CLANG_WARN_DIRECT_OBJC_ISA_USAGE = YES_ERROR;
				CLANG_WARN_DOCUMENTATION_COMMENTS = YES;
				CLANG_WARN_EMPTY_BODY = YES;
				CLANG_WARN_ENUM_CONVERSION = YES;
				CLANG_WARN_INFINITE_RECURSION = YES;
				CLANG_WARN_INT_CONVERSION = YES;
				CLANG_WARN_NON_LITERAL_NULL_CONVERSION = YES;
				CLANG_WARN_OBJC_IMPLICIT_RETAIN_SELF = YES;
				CLANG_WARN_OBJC_LITERAL_CONVERSION = YES;
				CLANG_WARN_OBJC_ROOT_CLASS = YES_ERROR;
				CLANG_WARN_QUOTED_INCLUDE_IN_FRAMEWORK_HEADER = YES;
				CLANG_WARN_RANGE_LOOP_ANALYSIS = YES;
				CLANG_WARN_STRICT_PROTOTYPES = YES;
				CLANG_WARN_SUSPICIOUS_MOVE = YES;
				CLANG_WARN_UNGUARDED_AVAILABILITY = YES_AGGRESSIVE;
				CLANG_WARN_UNREACHABLE_CODE = YES;
				CLANG_WARN__DUPLICATE_METHOD_MATCH = YES;
				COPY_PHASE_STRIP = NO;
				DEBUG_INFORMATION_FORMAT = dwarf;
				ENABLE_STRICT_OBJC_MSGSEND = YES;
				ENABLE_TESTABILITY = YES;
				GCC_C_LANGUAGE_STANDARD = gnu11;
				GCC_DYNAMIC_NO_PIC = NO;
				GCC_NO_COMMON_BLOCKS = YES;
				GCC_OPTIMIZATION_LEVEL = 0;
				GCC_PREPROCESSOR_DEFINITIONS = (
					"DEBUG=1",
					"$(inherited)",
				);
				GCC_WARN_64_TO_32_BIT_CONVERSION = YES;
				GCC_WARN_ABOUT_RETURN_TYPE = YES_ERROR;
				GCC_WARN_UNDECLARED_SELECTOR = YES;
				GCC_WARN_UNINITIALIZED_AUTOS = YES_AGGRESSIVE;
				GCC_WARN_UNUSED_FUNCTION = YES;
				GCC_WARN_UNUSED_VARIABLE = YES;
				MACOSX_DEPLOYMENT_TARGET = 11.3;
				MTL_ENABLE_DEBUG_INFO = INCLUDE_SOURCE;
				MTL_FAST_MATH = YES;
				ONLY_ACTIVE_ARCH = YES;
				SDKROOT = macosx;
				SWIFT_ACTIVE_COMPILATION_CONDITIONS = DEBUG;
				SWIFT_OPTIMIZATION_LEVEL = "-Onone";
			};
			name = Debug;
		};
		674B2C0526B55617001979EB /* Release */ = {
			isa = XCBuildConfiguration;
			buildSettings = {
				ALWAYS_SEARCH_USER_PATHS = NO;
				CLANG_ANALYZER_NONNULL = YES;
				CLANG_ANALYZER_NUMBER_OBJECT_CONVERSION = YES_AGGRESSIVE;
				CLANG_CXX_LANGUAGE_STANDARD = "gnu++14";
				CLANG_CXX_LIBRARY = "libc++";
				CLANG_ENABLE_MODULES = YES;
				CLANG_ENABLE_OBJC_ARC = YES;
				CLANG_ENABLE_OBJC_WEAK = YES;
				CLANG_WARN_BLOCK_CAPTURE_AUTORELEASING = YES;
				CLANG_WARN_BOOL_CONVERSION = YES;
				CLANG_WARN_COMMA = YES;
				CLANG_WARN_CONSTANT_CONVERSION = YES;
				CLANG_WARN_DEPRECATED_OBJC_IMPLEMENTATIONS = YES;
				CLANG_WARN_DIRECT_OBJC_ISA_USAGE = YES_ERROR;
				CLANG_WARN_DOCUMENTATION_COMMENTS = YES;
				CLANG_WARN_EMPTY_BODY = YES;
				CLANG_WARN_ENUM_CONVERSION = YES;
				CLANG_WARN_INFINITE_RECURSION = YES;
				CLANG_WARN_INT_CONVERSION = YES;
				CLANG_WARN_NON_LITERAL_NULL_CONVERSION = YES;
				CLANG_WARN_OBJC_IMPLICIT_RETAIN_SELF = YES;
				CLANG_WARN_OBJC_LITERAL_CONVERSION = YES;
				CLANG_WARN_OBJC_ROOT_CLASS = YES_ERROR;
				CLANG_WARN_QUOTED_INCLUDE_IN_FRAMEWORK_HEADER = YES;
				CLANG_WARN_RANGE_LOOP_ANALYSIS = YES;
				CLANG_WARN_STRICT_PROTOTYPES = YES;
				CLANG_WARN_SUSPICIOUS_MOVE = YES;
				CLANG_WARN_UNGUARDED_AVAILABILITY = YES_AGGRESSIVE;
				CLANG_WARN_UNREACHABLE_CODE = YES;
				CLANG_WARN__DUPLICATE_METHOD_MATCH = YES;
				COPY_PHASE_STRIP = NO;
				DEBUG_INFORMATION_FORMAT = "dwarf-with-dsym";
				ENABLE_NS_ASSERTIONS = NO;
				ENABLE_STRICT_OBJC_MSGSEND = YES;
				GCC_C_LANGUAGE_STANDARD = gnu11;
				GCC_NO_COMMON_BLOCKS = YES;
				GCC_WARN_64_TO_32_BIT_CONVERSION = YES;
				GCC_WARN_ABOUT_RETURN_TYPE = YES_ERROR;
				GCC_WARN_UNDECLARED_SELECTOR = YES;
				GCC_WARN_UNINITIALIZED_AUTOS = YES_AGGRESSIVE;
				GCC_WARN_UNUSED_FUNCTION = YES;
				GCC_WARN_UNUSED_VARIABLE = YES;
				MACOSX_DEPLOYMENT_TARGET = 11.3;
				MTL_ENABLE_DEBUG_INFO = NO;
				MTL_FAST_MATH = YES;
				SDKROOT = macosx;
				SWIFT_COMPILATION_MODE = wholemodule;
				SWIFT_OPTIMIZATION_LEVEL = "-O";
			};
			name = Release;
		};
		674B2C0726B55617001979EB /* Debug */ = {
			isa = XCBuildConfiguration;
			buildSettings = {
				ASSETCATALOG_COMPILER_APPICON_NAME = AppIcon;
				ASSETCATALOG_COMPILER_GLOBAL_ACCENT_COLOR_NAME = AccentColor;
				CODE_SIGN_ENTITLEMENTS = OebbTripInfo/OebbTripInfo.entitlements;
				CODE_SIGN_STYLE = Automatic;
				COMBINE_HIDPI_IMAGES = YES;
				DEVELOPMENT_ASSET_PATHS = "\"OebbTripInfo/Preview Content\"";
				ENABLE_PREVIEWS = YES;
				INFOPLIST_FILE = OebbTripInfo/Info.plist;
				LD_RUNPATH_SEARCH_PATHS = (
					"$(inherited)",
					"@executable_path/../Frameworks",
				);
				MACOSX_DEPLOYMENT_TARGET = 10.15;
				PRODUCT_BUNDLE_IDENTIFIER = com.winterleitner.OebbTripInfo;
				PRODUCT_NAME = "$(TARGET_NAME)";
				SWIFT_VERSION = 5.0;
			};
			name = Debug;
		};
		674B2C0826B55617001979EB /* Release */ = {
			isa = XCBuildConfiguration;
			buildSettings = {
				ASSETCATALOG_COMPILER_APPICON_NAME = AppIcon;
				ASSETCATALOG_COMPILER_GLOBAL_ACCENT_COLOR_NAME = AccentColor;
				CODE_SIGN_ENTITLEMENTS = OebbTripInfo/OebbTripInfo.entitlements;
				CODE_SIGN_STYLE = Automatic;
				COMBINE_HIDPI_IMAGES = YES;
				DEVELOPMENT_ASSET_PATHS = "\"OebbTripInfo/Preview Content\"";
				ENABLE_PREVIEWS = YES;
				INFOPLIST_FILE = OebbTripInfo/Info.plist;
				LD_RUNPATH_SEARCH_PATHS = (
					"$(inherited)",
					"@executable_path/../Frameworks",
				);
				MACOSX_DEPLOYMENT_TARGET = 10.15;
				PRODUCT_BUNDLE_IDENTIFIER = com.winterleitner.OebbTripInfo;
				PRODUCT_NAME = "$(TARGET_NAME)";
				SWIFT_VERSION = 5.0;
			};
			name = Release;
		};
/* End XCBuildConfiguration section */

/* Begin XCConfigurationList section */
		674B2BEE26B55615001979EB /* Build configuration list for PBXProject "OebbTripInfo" */ = {
			isa = XCConfigurationList;
			buildConfigurations = (
				674B2C0426B55617001979EB /* Debug */,
				674B2C0526B55617001979EB /* Release */,
			);
			defaultConfigurationIsVisible = 0;
			defaultConfigurationName = Release;
		};
		674B2C0626B55617001979EB /* Build configuration list for PBXNativeTarget "OebbTripInfo" */ = {
			isa = XCConfigurationList;
			buildConfigurations = (
				674B2C0726B55617001979EB /* Debug */,
				674B2C0826B55617001979EB /* Release */,
			);
			defaultConfigurationIsVisible = 0;
			defaultConfigurationName = Release;
		};
/* End XCConfigurationList section */

/* Begin XCRemoteSwiftPackageReference section */
		67BBAC9826B6E8EC002CA16D /* XCRemoteSwiftPackageReference "SwiftSoup" */ = {
			isa = XCRemoteSwiftPackageReference;
			repositoryURL = "https://github.com/scinfu/SwiftSoup";
			requirement = {
				kind = upToNextMajorVersion;
				minimumVersion = 2.3.2;
			};
		};
/* End XCRemoteSwiftPackageReference section */

/* Begin XCSwiftPackageProductDependency section */
		67BBAC9926B6E8EC002CA16D /* SwiftSoup */ = {
			isa = XCSwiftPackageProductDependency;
			package = 67BBAC9826B6E8EC002CA16D /* XCRemoteSwiftPackageReference "SwiftSoup" */;
			productName = SwiftSoup;
		};
/* End XCSwiftPackageProductDependency section */
	};
	rootObject = 674B2BEB26B55615001979EB /* Project object */;
}
